<Solution>
  <Project Path="HomeWork1\Hw1Task1\Hw1Task1.csproj" />
  <Project Path="HomeWork2\Hw2Task1\Hw2Task1.csproj" />
  <Project Path="HomeWork2\Hw2Task2\Hw2Task2.csproj" />
  <Project Path="HomeWork2\Hw2Task3\Hw2Task3.csproj" />
  <Project Path="HomeWork2\Hw2Task4\Hw2Task4.csproj" />
</Solution>